
Microsoft Visual Studio Solution File, Format Version 12.00
# Visual Studio 14
VisualStudioVersion = 14.0.25420.1
MinimumVisualStudioVersion = 10.0.40219.1
Project("{2150E333-8FDC-42A3-9474-1A3956D46DE8}") = "src", "src", "{354E236B-68E7-4BCD-94CA-2C4F15A26BDC}"
EndProject
Project("{2150E333-8FDC-42A3-9474-1A3956D46DE8}") = "Solution Items", "Solution Items", "{6E9F3EB2-FABE-4EDE-B8F7-5CB1783E3D7E}"
	ProjectSection(SolutionItems) = preProject
		global.json = global.json
	EndProjectSection
EndProject
Project("{8BB2217D-0F2D-49D1-97BC-3654ED321F3B}") = "UrlsAndRoutes", "src\UrlsAndRoutes\UrlsAndRoutes.xproj", "{1DDFC876-0A0B-4210-AE11-993DE6BD061A}"
EndProject
Global
	GlobalSection(SolutionConfigurationPlatforms) = preSolution
		Debug|Any CPU = Debug|Any CPU
		Release|Any CPU = Release|Any CPU
	EndGlobalSection
	GlobalSection(ProjectConfigurationPlatforms) = postSolution
		{1DDFC876-0A0B-4210-AE11-993DE6BD061A}.Debug|Any CPU.ActiveCfg = Debug|Any CPU
		{1DDFC876-0A0B-4210-AE11-993DE6BD061A}.Debug|Any CPU.Build.0 = Debug|Any CPU
		{1DDFC876-0A0B-4210-AE11-993DE6BD061A}.Release|Any CPU.ActiveCfg = Release|Any CPU
		{1DDFC876-0A0B-4210-AE11-993DE6BD061A}.Release|Any CPU.Build.0 = Release|Any CPU
	EndGlobalSection
	GlobalSection(SolutionProperties) = preSolution
		HideSolutionNode = FALSE
	EndGlobalSection
	GlobalSection(NestedProjects) = preSolution
		{1DDFC876-0A0B-4210-AE11-993DE6BD061A} = {354E236B-68E7-4BCD-94CA-2C4F15A26BDC}
	EndGlobalSection
EndGlobal
