
Microsoft Visual Studio Solution File, Format Version 12.00
# Visual Studio 14
VisualStudioVersion = 14.0.25420.1
MinimumVisualStudioVersion = 10.0.40219.1
Project("{2150E333-8FDC-42A3-9474-1A3956D46DE8}") = "src", "src", "{AB261B54-6298-4862-9F71-5B3D8DAAE49B}"
EndProject
Project("{2150E333-8FDC-42A3-9474-1A3956D46DE8}") = "Solution Items", "Solution Items", "{A6A60065-21CE-4A76-BC7D-0852F660FACA}"
	ProjectSection(SolutionItems) = preProject
		global.json = global.json
	EndProjectSection
EndProject
Project("{8BB2217D-0F2D-49D1-97BC-3654ED321F3B}") = "LanguageFeatures", "src\LanguageFeatures\LanguageFeatures.xproj", "{B9E8D599-EF7C-4B17-98DA-01A6AB9D2308}"
EndProject
Global
	GlobalSection(SolutionConfigurationPlatforms) = preSolution
		Debug|Any CPU = Debug|Any CPU
		Release|Any CPU = Release|Any CPU
	EndGlobalSection
	GlobalSection(ProjectConfigurationPlatforms) = postSolution
		{B9E8D599-EF7C-4B17-98DA-01A6AB9D2308}.Debug|Any CPU.ActiveCfg = Debug|Any CPU
		{B9E8D599-EF7C-4B17-98DA-01A6AB9D2308}.Debug|Any CPU.Build.0 = Debug|Any CPU
		{B9E8D599-EF7C-4B17-98DA-01A6AB9D2308}.Release|Any CPU.ActiveCfg = Release|Any CPU
		{B9E8D599-EF7C-4B17-98DA-01A6AB9D2308}.Release|Any CPU.Build.0 = Release|Any CPU
	EndGlobalSection
	GlobalSection(SolutionProperties) = preSolution
		HideSolutionNode = FALSE
	EndGlobalSection
	GlobalSection(NestedProjects) = preSolution
		{B9E8D599-EF7C-4B17-98DA-01A6AB9D2308} = {AB261B54-6298-4862-9F71-5B3D8DAAE49B}
	EndGlobalSection
EndGlobal
